
Microsoft Visual Studio Solution File, Format Version 12.00
# Visual Studio Version 17
VisualStudioVersion = 17.14.36221.1 d17.14
MinimumVisualStudioVersion = 10.0.40219.1
Project("{FAE04EC0-301F-11D3-BF4B-00C04F79EFBC}") = "DiagnosticSourceRepro", "DiagnosticSourceRepro.csproj", "{D9457475-3560-4D5E-B2A5-27B9D62300B5}"
EndProject
Global
	GlobalSection(SolutionConfigurationPlatforms) = preSolution
		Debug|Any CPU = Debug|Any CPU
		Release|Any CPU = Release|Any CPU
	EndGlobalSection
	GlobalSection(ProjectConfigurationPlatforms) = postSolution
		{D9457475-3560-4D5E-B2A5-27B9D62300B5}.Debug|Any CPU.ActiveCfg = Debug|Any CPU
		{D9457475-3560-4D5E-B2A5-27B9D62300B5}.Debug|Any CPU.Build.0 = Debug|Any CPU
		{D9457475-3560-4D5E-B2A5-27B9D62300B5}.Release|Any CPU.ActiveCfg = Release|Any CPU
		{D9457475-3560-4D5E-B2A5-27B9D62300B5}.Release|Any CPU.Build.0 = Release|Any CPU
	EndGlobalSection
	GlobalSection(SolutionProperties) = preSolution
		HideSolutionNode = FALSE
	EndGlobalSection
	GlobalSection(ExtensibilityGlobals) = postSolution
		SolutionGuid = {1E210770-9E9A-4980-922B-311F27394FE5}
	EndGlobalSection
EndGlobal
